{
  "name": "kakuyomu-gozishusei",
  "lockfileVersion": 3,
  "requires": true,
  "packages": {
    "": {
      "devDependencies": {
        "@cloudflare/workers-types": "^4.20250726.0"
      }
    },
    "node_modules/@cloudflare/workers-types": {
      "version": "4.20250726.0",
      "resolved": "https://registry.npmjs.org/@cloudflare/workers-types/-/workers-types-4.20250726.0.tgz",
      "integrity": "sha512-NtM1yVBKJFX4LgSoZkVU0EDhWWvSb1vt6REO+uMYZRgx1HAfQz9GDN6bBB0B+fm2ZIxzt6FzlDbmrXpGJ2M/4Q==",
      "dev": true
    }
  }
}
